hash: 0731d26a3b06ea4a3acd5fd46df7c1b332713f0adddbc7cd7504d8e43e0fd25f
updated: 2017-08-17T10:09:51.024142419+09:00
imports:
- name: github.com/jinzhu/gorm
  version: 5174cc5c242a728b435ea2be8a2f7f998e15429b
  subpackages:
  - dialects/sqlite
- name: github.com/jinzhu/inflection
  version: 1c35d901db3da928c72a72d8458480cc9ade058f
- name: github.com/mattn/go-sqlite3
  version: 6654e412c3c7eabb310d920cf73a2102dbf8c632
- name: golang.org/x/net
  version: 1c05540f6879653db88113bc4a2b70aec4bd491f
  subpackages:
  - context
testImports: []
